// !$*UTF8*$!
{
	archiveVersion = 1;
	classes = {
	};
	objectVersion = 46;
	objects = {

/* Begin PBXBuildFile section */
		C20567A71D9463E30078B3BE /* place.png in Resources */ = {isa = PBXBuildFile; fileRef = C20567A61D9463E30078B3BE /* place.png */; };
		C21C9DC91D9F093600CBD7EF /* ProjectsListVC.swift in Sources */ = {isa = PBXBuildFile; fileRef = C21C9DC81D9F093600CBD7EF /* ProjectsListVC.swift */; };
		C21C9DCB1D9F0C0500CBD7EF /* CreateProjectVC.swift in Sources */ = {isa = PBXBuildFile; fileRef = C21C9DCA1D9F0C0500CBD7EF /* CreateProjectVC.swift */; };
		C23BBF331DA6AE7800202169 /* LoginVC.swift in Sources */ = {isa = PBXBuildFile; fileRef = C23BBF321DA6AE7800202169 /* LoginVC.swift */; };
		C23BBF351DA6B21100202169 /* SignupVC.swift in Sources */ = {isa = PBXBuildFile; fileRef = C23BBF341DA6B21100202169 /* SignupVC.swift */; };
		C26DDF431D93499300429DE4 /* AppDelegate.swift in Sources */ = {isa = PBXBuildFile; fileRef = C26DDF421D93499300429DE4 /* AppDelegate.swift */; };
		C26DDF481D93499300429DE4 /* Main.storyboard in Resources */ = {isa = PBXBuildFile; fileRef = C26DDF461D93499300429DE4 /* Main.storyboard */; };
		C26DDF4A1D93499300429DE4 /* Assets.xcassets in Resources */ = {isa = PBXBuildFile; fileRef = C26DDF491D93499300429DE4 /* Assets.xcassets */; };
		C26DDF4D1D93499300429DE4 /* LaunchScreen.storyboard in Resources */ = {isa = PBXBuildFile; fileRef = C26DDF4B1D93499300429DE4 /* LaunchScreen.storyboard */; };
		C26DDF581D93499300429DE4 /* ProjectTests.swift in Sources */ = {isa = PBXBuildFile; fileRef = C26DDF571D93499300429DE4 /* ProjectTests.swift */; };
		C26DDF631D93499300429DE4 /* ProjectUITests.swift in Sources */ = {isa = PBXBuildFile; fileRef = C26DDF621D93499300429DE4 /* ProjectUITests.swift */; };
		C26DDF731D934A2C00429DE4 /* Bolts.framework in Frameworks */ = {isa = PBXBuildFile; fileRef = C26DDF711D934A2C00429DE4 /* Bolts.framework */; };
		C26DDF741D934A2C00429DE4 /* Parse.framework in Frameworks */ = {isa = PBXBuildFile; fileRef = C26DDF721D934A2C00429DE4 /* Parse.framework */; };
		C26DDF771D934A3E00429DE4 /* AudioToolbox.framework in Frameworks */ = {isa = PBXBuildFile; fileRef = C26DDF761D934A3E00429DE4 /* AudioToolbox.framework */; };
		C26DDF791D934A4100429DE4 /* CFNetwork.framework in Frameworks */ = {isa = PBXBuildFile; fileRef = C26DDF781D934A4100429DE4 /* CFNetwork.framework */; };
		C26DDF7B1D934A4800429DE4 /* CoreGraphics.framework in Frameworks */ = {isa = PBXBuildFile; fileRef = C26DDF7A1D934A4800429DE4 /* CoreGraphics.framework */; };
		C26DDF7D1D934A4D00429DE4 /* CoreLocation.framework in Frameworks */ = {isa = PBXBuildFile; fileRef = C26DDF7C1D934A4D00429DE4 /* CoreLocation.framework */; };
		C26DDF7F1D934A5400429DE4 /* QuartzCore.framework in Frameworks */ = {isa = PBXBuildFile; fileRef = C26DDF7E1D934A5400429DE4 /* QuartzCore.framework */; };
		C26DDF811D934A5900429DE4 /* Security.framework in Frameworks */ = {isa = PBXBuildFile; fileRef = C26DDF801D934A5900429DE4 /* Security.framework */; };
		C26DDF831D934A5E00429DE4 /* StoreKit.framework in Frameworks */ = {isa = PBXBuildFile; fileRef = C26DDF821D934A5E00429DE4 /* StoreKit.framework */; };
		C26DDF851D934A6500429DE4 /* SystemConfiguration.framework in Frameworks */ = {isa = PBXBuildFile; fileRef = C26DDF841D934A6500429DE4 /* SystemConfiguration.framework */; };
		C26DDF871D934A6A00429DE4 /* libz.tbd in Frameworks */ = {isa = PBXBuildFile; fileRef = C26DDF861D934A6A00429DE4 /* libz.tbd */; };
		C26DDF891D934A6F00429DE4 /* libsqlite3.tbd in Frameworks */ = {isa = PBXBuildFile; fileRef = C26DDF881D934A6F00429DE4 /* libsqlite3.tbd */; };
		C26DDF8A1D934A7A00429DE4 /* Parse.framework in Frameworks */ = {isa = PBXBuildFile; fileRef = C26DDF721D934A2C00429DE4 /* Parse.framework */; };
		C26DDF8B1D934A7A00429DE4 /* Parse.framework in Embed Frameworks */ = {isa = PBXBuildFile; fileRef = C26DDF721D934A2C00429DE4 /* Parse.framework */; settings = {ATTRIBUTES = (CodeSignOnCopy, RemoveHeadersOnCopy, ); }; };
		C26DDF8D1D934A7F00429DE4 /* Bolts.framework in Frameworks */ = {isa = PBXBuildFile; fileRef = C26DDF711D934A2C00429DE4 /* Bolts.framework */; };
		C26DDF8E1D934A7F00429DE4 /* Bolts.framework in Embed Frameworks */ = {isa = PBXBuildFile; fileRef = C26DDF711D934A2C00429DE4 /* Bolts.framework */; settings = {ATTRIBUTES = (CodeSignOnCopy, RemoveHeadersOnCopy, ); }; };
		C26DDF901D93595A00429DE4 /* HomeViewController.swift in Sources */ = {isa = PBXBuildFile; fileRef = C26DDF8F1D93595A00429DE4 /* HomeViewController.swift */; };
		C26DDF921D9359A600429DE4 /* HomeVCTableViewCell.swift in Sources */ = {isa = PBXBuildFile; fileRef = C26DDF911D9359A600429DE4 /* HomeVCTableViewCell.swift */; };
		C26DDF941D935A4A00429DE4 /* FeedVC.swift in Sources */ = {isa = PBXBuildFile; fileRef = C26DDF931D935A4A00429DE4 /* FeedVC.swift */; };
		C26DDF961D935B8500429DE4 /* AddActivityVC.swift in Sources */ = {isa = PBXBuildFile; fileRef = C26DDF951D935B8500429DE4 /* AddActivityVC.swift */; };
		C26DDF981D935CC000429DE4 /* FeedObject.swift in Sources */ = {isa = PBXBuildFile; fileRef = C26DDF971D935CC000429DE4 /* FeedObject.swift */; };
		C26DDF9A1D935D1600429DE4 /* ProjectObject.swift in Sources */ = {isa = PBXBuildFile; fileRef = C26DDF991D935D1600429DE4 /* ProjectObject.swift */; };
		C26DDF9E1D935F4400429DE4 /* FeedVCTableViewCell.swift in Sources */ = {isa = PBXBuildFile; fileRef = C26DDF9D1D935F4400429DE4 /* FeedVCTableViewCell.swift */; };
		C26DDFA01D938A8500429DE4 /* MyFeedVC.swift in Sources */ = {isa = PBXBuildFile; fileRef = C26DDF9F1D938A8500429DE4 /* MyFeedVC.swift */; };
		C26DDFA21D938ADC00429DE4 /* CreateNewActivityVC.swift in Sources */ = {isa = PBXBuildFile; fileRef = C26DDFA11D938ADC00429DE4 /* CreateNewActivityVC.swift */; };
		C26DDFA41D9394BD00429DE4 /* MyFeedCell.swift in Sources */ = {isa = PBXBuildFile; fileRef = C26DDFA31D9394BD00429DE4 /* MyFeedCell.swift */; };
/* End PBXBuildFile section */

/* Begin PBXContainerItemProxy section */
		C26DDF541D93499300429DE4 /* PBXContainerItemProxy */ = {
			isa = PBXContainerItemProxy;
			containerPortal = C26DDF371D93499300429DE4 /* Project object */;
			proxyType = 1;
			remoteGlobalIDString = C26DDF3E1D93499300429DE4;
			remoteInfo = Project;
		};
		C26DDF5F1D93499300429DE4 /* PBXContainerItemProxy */ = {
			isa = PBXContainerItemProxy;
			containerPortal = C26DDF371D93499300429DE4 /* Project object */;
			proxyType = 1;
			remoteGlobalIDString = C26DDF3E1D93499300429DE4;
			remoteInfo = Project;
		};
/* End PBXContainerItemProxy section */

/* Begin PBXCopyFilesBuildPhase section */
		C26DDF8C1D934A7A00429DE4 /* Embed Frameworks */ = {
			isa = PBXCopyFilesBuildPhase;
			buildActionMask = 2147483647;
			dstPath = "";
			dstSubfolderSpec = 10;
			files = (
				C26DDF8B1D934A7A00429DE4 /* Parse.framework in Embed Frameworks */,
				C26DDF8E1D934A7F00429DE4 /* Bolts.framework in Embed Frameworks */,
			);
			name = "Embed Frameworks";
			runOnlyForDeploymentPostprocessing = 0;
		};
/* End PBXCopyFilesBuildPhase section */

/* Begin PBXFileReference section */
		C20567A61D9463E30078B3BE /* place.png */ = {isa = PBXFileReference; lastKnownFileType = image.png; path = place.png; sourceTree = "<group>"; };
		C21C9DC81D9F093600CBD7EF /* ProjectsListVC.swift */ = {isa = PBXFileReference; fileEncoding = 4; lastKnownFileType = sourcecode.swift; path = ProjectsListVC.swift; sourceTree = SOURCE_ROOT; };
		C21C9DCA1D9F0C0500CBD7EF /* CreateProjectVC.swift */ = {isa = PBXFileReference; fileEncoding = 4; lastKnownFileType = sourcecode.swift; path = CreateProjectVC.swift; sourceTree = "<group>"; };
		C23BBF321DA6AE7800202169 /* LoginVC.swift */ = {isa = PBXFileReference; fileEncoding = 4; lastKnownFileType = sourcecode.swift; path = LoginVC.swift; sourceTree = "<group>"; };
		C23BBF341DA6B21100202169 /* SignupVC.swift */ = {isa = PBXFileReference; fileEncoding = 4; lastKnownFileType = sourcecode.swift; path = SignupVC.swift; sourceTree = "<group>"; };
		C26DDF3F1D93499300429DE4 /* Project.app */ = {isa = PBXFileReference; explicitFileType = wrapper.application; includeInIndex = 0; path = Project.app; sourceTree = BUILT_PRODUCTS_DIR; };
		C26DDF421D93499300429DE4 /* AppDelegate.swift */ = {isa = PBXFileReference; lastKnownFileType = sourcecode.swift; path = AppDelegate.swift; sourceTree = "<group>"; };
		C26DDF471D93499300429DE4 /* Base */ = {isa = PBXFileReference; lastKnownFileType = file.storyboard; name = Base; path = Base.lproj/Main.storyboard; sourceTree = "<group>"; };
		C26DDF491D93499300429DE4 /* Assets.xcassets */ = {isa = PBXFileReference; lastKnownFileType = folder.assetcatalog; path = Assets.xcassets; sourceTree = "<group>"; };
		C26DDF4C1D93499300429DE4 /* Base */ = {isa = PBXFileReference; lastKnownFileType = file.storyboard; name = Base; path = Base.lproj/LaunchScreen.storyboard; sourceTree = "<group>"; };
		C26DDF4E1D93499300429DE4 /* Info.plist */ = {isa = PBXFileReference; lastKnownFileType = text.plist.xml; path = Info.plist; sourceTree = "<group>"; };
		C26DDF531D93499300429DE4 /* ProjectTests.xctest */ = {isa = PBXFileReference; explicitFileType = wrapper.cfbundle; includeInIndex = 0; path = ProjectTests.xctest; sourceTree = BUILT_PRODUCTS_DIR; };
		C26DDF571D93499300429DE4 /* ProjectTests.swift */ = {isa = PBXFileReference; lastKnownFileType = sourcecode.swift; path = ProjectTests.swift; sourceTree = "<group>"; };
		C26DDF591D93499300429DE4 /* Info.plist */ = {isa = PBXFileReference; lastKnownFileType = text.plist.xml; path = Info.plist; sourceTree = "<group>"; };
		C26DDF5E1D93499300429DE4 /* ProjectUITests.xctest */ = {isa = PBXFileReference; explicitFileType = wrapper.cfbundle; includeInIndex = 0; path = ProjectUITests.xctest; sourceTree = BUILT_PRODUCTS_DIR; };
		C26DDF621D93499300429DE4 /* ProjectUITests.swift */ = {isa = PBXFileReference; lastKnownFileType = sourcecode.swift; path = ProjectUITests.swift; sourceTree = "<group>"; };
		C26DDF641D93499300429DE4 /* Info.plist */ = {isa = PBXFileReference; lastKnownFileType = text.plist.xml; path = Info.plist; sourceTree = "<group>"; };
		C26DDF711D934A2C00429DE4 /* Bolts.framework */ = {isa = PBXFileReference; lastKnownFileType = wrapper.framework; path = Bolts.framework; sourceTree = "<group>"; };
		C26DDF721D934A2C00429DE4 /* Parse.framework */ = {isa = PBXFileReference; lastKnownFileType = wrapper.framework; path = Parse.framework; sourceTree = "<group>"; };
		C26DDF761D934A3E00429DE4 /* AudioToolbox.framework */ = {isa = PBXFileReference; lastKnownFileType = wrapper.framework; name = AudioToolbox.framework; path = System/Library/Frameworks/AudioToolbox.framework; sourceTree = SDKROOT; };
		C26DDF781D934A4100429DE4 /* CFNetwork.framework */ = {isa = PBXFileReference; lastKnownFileType = wrapper.framework; name = CFNetwork.framework; path = System/Library/Frameworks/CFNetwork.framework; sourceTree = SDKROOT; };
		C26DDF7A1D934A4800429DE4 /* CoreGraphics.framework */ = {isa = PBXFileReference; lastKnownFileType = wrapper.framework; name = CoreGraphics.framework; path = System/Library/Frameworks/CoreGraphics.framework; sourceTree = SDKROOT; };
		C26DDF7C1D934A4D00429DE4 /* CoreLocation.framework */ = {isa = PBXFileReference; lastKnownFileType = wrapper.framework; name = CoreLocation.framework; path = System/Library/Frameworks/CoreLocation.framework; sourceTree = SDKROOT; };
		C26DDF7E1D934A5400429DE4 /* QuartzCore.framework */ = {isa = PBXFileReference; lastKnownFileType = wrapper.framework; name = QuartzCore.framework; path = System/Library/Frameworks/QuartzCore.framework; sourceTree = SDKROOT; };
		C26DDF801D934A5900429DE4 /* Security.framework */ = {isa = PBXFileReference; lastKnownFileType = wrapper.framework; name = Security.framework; path = System/Library/Frameworks/Security.framework; sourceTree = SDKROOT; };
		C26DDF821D934A5E00429DE4 /* StoreKit.framework */ = {isa = PBXFileReference; lastKnownFileType = wrapper.framework; name = StoreKit.framework; path = System/Library/Frameworks/StoreKit.framework; sourceTree = SDKROOT; };
		C26DDF841D934A6500429DE4 /* SystemConfiguration.framework */ = {isa = PBXFileReference; lastKnownFileType = wrapper.framework; name = SystemConfiguration.framework; path = System/Library/Frameworks/SystemConfiguration.framework; sourceTree = SDKROOT; };
		C26DDF861D934A6A00429DE4 /* libz.tbd */ = {isa = PBXFileReference; lastKnownFileType = "sourcecode.text-based-dylib-definition"; name = libz.tbd; path = usr/lib/libz.tbd; sourceTree = SDKROOT; };
		C26DDF881D934A6F00429DE4 /* libsqlite3.tbd */ = {isa = PBXFileReference; lastKnownFileType = "sourcecode.text-based-dylib-definition"; name = libsqlite3.tbd; path = usr/lib/libsqlite3.tbd; sourceTree = SDKROOT; };
		C26DDF8F1D93595A00429DE4 /* HomeViewController.swift */ = {isa = PBXFileReference; fileEncoding = 4; lastKnownFileType = sourcecode.swift; path = HomeViewController.swift; sourceTree = "<group>"; };
		C26DDF911D9359A600429DE4 /* HomeVCTableViewCell.swift */ = {isa = PBXFileReference; fileEncoding = 4; lastKnownFileType = sourcecode.swift; path = HomeVCTableViewCell.swift; sourceTree = "<group>"; };
		C26DDF931D935A4A00429DE4 /* FeedVC.swift */ = {isa = PBXFileReference; fileEncoding = 4; lastKnownFileType = sourcecode.swift; path = FeedVC.swift; sourceTree = "<group>"; };
		C26DDF951D935B8500429DE4 /* AddActivityVC.swift */ = {isa = PBXFileReference; fileEncoding = 4; lastKnownFileType = sourcecode.swift; path = AddActivityVC.swift; sourceTree = "<group>"; };
		C26DDF971D935CC000429DE4 /* FeedObject.swift */ = {isa = PBXFileReference; fileEncoding = 4; lastKnownFileType = sourcecode.swift; name = FeedObject.swift; path = ../FeedObject.swift; sourceTree = "<group>"; };
		C26DDF991D935D1600429DE4 /* ProjectObject.swift */ = {isa = PBXFileReference; fileEncoding = 4; lastKnownFileType = sourcecode.swift; path = ProjectObject.swift; sourceTree = "<group>"; };
		C26DDF9D1D935F4400429DE4 /* FeedVCTableViewCell.swift */ = {isa = PBXFileReference; fileEncoding = 4; lastKnownFileType = sourcecode.swift; path = FeedVCTableViewCell.swift; sourceTree = "<group>"; };
		C26DDF9F1D938A8500429DE4 /* MyFeedVC.swift */ = {isa = PBXFileReference; fileEncoding = 4; lastKnownFileType = sourcecode.swift; path = MyFeedVC.swift; sourceTree = "<group>"; };
		C26DDFA11D938ADC00429DE4 /* CreateNewActivityVC.swift */ = {isa = PBXFileReference; fileEncoding = 4; lastKnownFileType = sourcecode.swift; path = CreateNewActivityVC.swift; sourceTree = "<group>"; };
		C26DDFA31D9394BD00429DE4 /* MyFeedCell.swift */ = {isa = PBXFileReference; fileEncoding = 4; lastKnownFileType = sourcecode.swift; path = MyFeedCell.swift; sourceTree = "<group>"; };
/* End PBXFileReference section */

/* Begin PBXFrameworksBuildPhase section */
		C26DDF3C1D93499300429DE4 /* Frameworks */ = {
			isa = PBXFrameworksBuildPhase;
			buildActionMask = 2147483647;
			files = (
				C26DDF891D934A6F00429DE4 /* libsqlite3.tbd in Frameworks */,
				C26DDF871D934A6A00429DE4 /* libz.tbd in Frameworks */,
				C26DDF851D934A6500429DE4 /* SystemConfiguration.framework in Frameworks */,
				C26DDF831D934A5E00429DE4 /* StoreKit.framework in Frameworks */,
				C26DDF811D934A5900429DE4 /* Security.framework in Frameworks */,
				C26DDF7F1D934A5400429DE4 /* QuartzCore.framework in Frameworks */,
				C26DDF8A1D934A7A00429DE4 /* Parse.framework in Frameworks */,
				C26DDF7D1D934A4D00429DE4 /* CoreLocation.framework in Frameworks */,
				C26DDF7B1D934A4800429DE4 /* CoreGraphics.framework in Frameworks */,
				C26DDF791D934A4100429DE4 /* CFNetwork.framework in Frameworks */,
				C26DDF771D934A3E00429DE4 /* AudioToolbox.framework in Frameworks */,
				C26DDF741D934A2C00429DE4 /* Parse.framework in Frameworks */,
				C26DDF731D934A2C00429DE4 /* Bolts.framework in Frameworks */,
				C26DDF8D1D934A7F00429DE4 /* Bolts.framework in Frameworks */,
			);
			runOnlyForDeploymentPostprocessing = 0;
		};
		C26DDF501D93499300429DE4 /* Frameworks */ = {
			isa = PBXFrameworksBuildPhase;
			buildActionMask = 2147483647;
			files = (
			);
			runOnlyForDeploymentPostprocessing = 0;
		};
		C26DDF5B1D93499300429DE4 /* Frameworks */ = {
			isa = PBXFrameworksBuildPhase;
			buildActionMask = 2147483647;
			files = (
			);
			runOnlyForDeploymentPostprocessing = 0;
		};
/* End PBXFrameworksBuildPhase section */

/* Begin PBXGroup section */
		C26DDF361D93499300429DE4 = {
			isa = PBXGroup;
			children = (
				C26DDF411D93499300429DE4 /* Project */,
				C26DDF561D93499300429DE4 /* ProjectTests */,
				C26DDF611D93499300429DE4 /* ProjectUITests */,
				C26DDF401D93499300429DE4 /* Products */,
				C26DDF751D934A3E00429DE4 /* Frameworks */,
			);
			sourceTree = "<group>";
		};
		C26DDF401D93499300429DE4 /* Products */ = {
			isa = PBXGroup;
			children = (
				C26DDF3F1D93499300429DE4 /* Project.app */,
				C26DDF531D93499300429DE4 /* ProjectTests.xctest */,
				C26DDF5E1D93499300429DE4 /* ProjectUITests.xctest */,
			);
			name = Products;
			sourceTree = "<group>";
		};
		C26DDF411D93499300429DE4 /* Project */ = {
			isa = PBXGroup;
			children = (
				C20567A61D9463E30078B3BE /* place.png */,
				C26DDF9C1D935E0800429DE4 /* View */,
				C26DDF9B1D935DEF00429DE4 /* Model */,
				C26DDF701D934A1800429DE4 /* Framework */,
				C26DDF421D93499300429DE4 /* AppDelegate.swift */,
				C26DDF461D93499300429DE4 /* Main.storyboard */,
				C26DDF491D93499300429DE4 /* Assets.xcassets */,
				C26DDF4B1D93499300429DE4 /* LaunchScreen.storyboard */,
				C26DDF4E1D93499300429DE4 /* Info.plist */,
			);
			path = Project;
			sourceTree = "<group>";
		};
		C26DDF561D93499300429DE4 /* ProjectTests */ = {
			isa = PBXGroup;
			children = (
				C26DDF571D93499300429DE4 /* ProjectTests.swift */,
				C26DDF591D93499300429DE4 /* Info.plist */,
			);
			path = ProjectTests;
			sourceTree = "<group>";
		};
		C26DDF611D93499300429DE4 /* ProjectUITests */ = {
			isa = PBXGroup;
			children = (
				C26DDF621D93499300429DE4 /* ProjectUITests.swift */,
				C26DDF641D93499300429DE4 /* Info.plist */,
			);
			path = ProjectUITests;
			sourceTree = "<group>";
		};
		C26DDF701D934A1800429DE4 /* Framework */ = {
			isa = PBXGroup;
			children = (
				C26DDF711D934A2C00429DE4 /* Bolts.framework */,
				C26DDF721D934A2C00429DE4 /* Parse.framework */,
			);
			name = Framework;
			sourceTree = "<group>";
		};
		C26DDF751D934A3E00429DE4 /* Frameworks */ = {
			isa = PBXGroup;
			children = (
				C26DDF881D934A6F00429DE4 /* libsqlite3.tbd */,
				C26DDF861D934A6A00429DE4 /* libz.tbd */,
				C26DDF841D934A6500429DE4 /* SystemConfiguration.framework */,
				C26DDF821D934A5E00429DE4 /* StoreKit.framework */,
				C26DDF801D934A5900429DE4 /* Security.framework */,
				C26DDF7E1D934A5400429DE4 /* QuartzCore.framework */,
				C26DDF7C1D934A4D00429DE4 /* CoreLocation.framework */,
				C26DDF7A1D934A4800429DE4 /* CoreGraphics.framework */,
				C26DDF781D934A4100429DE4 /* CFNetwork.framework */,
				C26DDF761D934A3E00429DE4 /* AudioToolbox.framework */,
			);
			name = Frameworks;
			sourceTree = "<group>";
		};
		C26DDF9B1D935DEF00429DE4 /* Model */ = {
			isa = PBXGroup;
			children = (
				C26DDF971D935CC000429DE4 /* FeedObject.swift */,
				C26DDF991D935D1600429DE4 /* ProjectObject.swift */,
			);
			name = Model;
			sourceTree = "<group>";
		};
		C26DDF9C1D935E0800429DE4 /* View */ = {
			isa = PBXGroup;
			children = (
				C23BBF341DA6B21100202169 /* SignupVC.swift */,
				C23BBF321DA6AE7800202169 /* LoginVC.swift */,
				C21C9DC81D9F093600CBD7EF /* ProjectsListVC.swift */,
				C26DDFA31D9394BD00429DE4 /* MyFeedCell.swift */,
				C26DDFA11D938ADC00429DE4 /* CreateNewActivityVC.swift */,
				C26DDF9F1D938A8500429DE4 /* MyFeedVC.swift */,
				C26DDF931D935A4A00429DE4 /* FeedVC.swift */,
				C26DDF911D9359A600429DE4 /* HomeVCTableViewCell.swift */,
				C26DDF8F1D93595A00429DE4 /* HomeViewController.swift */,
				C26DDF951D935B8500429DE4 /* AddActivityVC.swift */,
				C26DDF9D1D935F4400429DE4 /* FeedVCTableViewCell.swift */,
				C21C9DCA1D9F0C0500CBD7EF /* CreateProjectVC.swift */,
			);
			name = View;
			sourceTree = "<group>";
		};
/* End PBXGroup section */

/* Begin PBXNativeTarget section */
		C26DDF3E1D93499300429DE4 /* Project */ = {
			isa = PBXNativeTarget;
			buildConfigurationList = C26DDF671D93499300429DE4 /* Build configuration list for PBXNativeTarget "Project" */;
			buildPhases = (
				C26DDF3B1D93499300429DE4 /* Sources */,
				C26DDF3C1D93499300429DE4 /* Frameworks */,
				C26DDF3D1D93499300429DE4 /* Resources */,
				C26DDF8C1D934A7A00429DE4 /* Embed Frameworks */,
			);
			buildRules = (
			);
			dependencies = (
			);
			name = Project;
			productName = Project;
			productReference = C26DDF3F1D93499300429DE4 /* Project.app */;
			productType = "com.apple.product-type.application";
		};
		C26DDF521D93499300429DE4 /* ProjectTests */ = {
			isa = PBXNativeTarget;
			buildConfigurationList = C26DDF6A1D93499300429DE4 /* Build configuration list for PBXNativeTarget "ProjectTests" */;
			buildPhases = (
				C26DDF4F1D93499300429DE4 /* Sources */,
				C26DDF501D93499300429DE4 /* Frameworks */,
				C26DDF511D93499300429DE4 /* Resources */,
			);
			buildRules = (
			);
			dependencies = (
				C26DDF551D93499300429DE4 /* PBXTargetDependency */,
			);
			name = ProjectTests;
			productName = ProjectTests;
			productReference = C26DDF531D93499300429DE4 /* ProjectTests.xctest */;
			productType = "com.apple.product-type.bundle.unit-test";
		};
		C26DDF5D1D93499300429DE4 /* ProjectUITests */ = {
			isa = PBXNativeTarget;
			buildConfigurationList = C26DDF6D1D93499300429DE4 /* Build configuration list for PBXNativeTarget "ProjectUITests" */;
			buildPhases = (
				C26DDF5A1D93499300429DE4 /* Sources */,
				C26DDF5B1D93499300429DE4 /* Frameworks */,
				C26DDF5C1D93499300429DE4 /* Resources */,
			);
			buildRules = (
			);
			dependencies = (
				C26DDF601D93499300429DE4 /* PBXTargetDependency */,
			);
			name = ProjectUITests;
			productName = ProjectUITests;
			productReference = C26DDF5E1D93499300429DE4 /* ProjectUITests.xctest */;
			productType = "com.apple.product-type.bundle.ui-testing";
		};
/* End PBXNativeTarget section */

/* Begin PBXProject section */
		C26DDF371D93499300429DE4 /* Project object */ = {
			isa = PBXProject;
			attributes = {
				LastSwiftUpdateCheck = 0800;
				LastUpgradeCheck = 0800;
				ORGANIZATIONNAME = "Vidyadhar Thatte";
				TargetAttributes = {
					C26DDF3E1D93499300429DE4 = {
						CreatedOnToolsVersion = 8.0;
						DevelopmentTeam = 24FC2K35CZ;
						ProvisioningStyle = Automatic;
					};
					C26DDF521D93499300429DE4 = {
						CreatedOnToolsVersion = 8.0;
						ProvisioningStyle = Automatic;
						TestTargetID = C26DDF3E1D93499300429DE4;
					};
					C26DDF5D1D93499300429DE4 = {
						CreatedOnToolsVersion = 8.0;
						ProvisioningStyle = Automatic;
						TestTargetID = C26DDF3E1D93499300429DE4;
					};
				};
			};
			buildConfigurationList = C26DDF3A1D93499300429DE4 /* Build configuration list for PBXProject "Project" */;
			compatibilityVersion = "Xcode 3.2";
			developmentRegion = English;
			hasScannedForEncodings = 0;
			knownRegions = (
				en,
				Base,
			);
			mainGroup = C26DDF361D93499300429DE4;
			productRefGroup = C26DDF401D93499300429DE4 /* Products */;
			projectDirPath = "";
			projectRoot = "";
			targets = (
				C26DDF3E1D93499300429DE4 /* Project */,
				C26DDF521D93499300429DE4 /* ProjectTests */,
				C26DDF5D1D93499300429DE4 /* ProjectUITests */,
			);
		};
/* End PBXProject section */

/* Begin PBXResourcesBuildPhase section */
		C26DDF3D1D93499300429DE4 /* Resources */ = {
			isa = PBXResourcesBuildPhase;
			buildActionMask = 2147483647;
			files = (
				C26DDF4D1D93499300429DE4 /* LaunchScreen.storyboard in Resources */,
				C20567A71D9463E30078B3BE /* place.png in Resources */,
				C26DDF4A1D93499300429DE4 /* Assets.xcassets in Resources */,
				C26DDF481D93499300429DE4 /* Main.storyboard in Resources */,
			);
			runOnlyForDeploymentPostprocessing = 0;
		};
		C26DDF511D93499300429DE4 /* Resources */ = {
			isa = PBXResourcesBuildPhase;
			buildActionMask = 2147483647;
			files = (
			);
			runOnlyForDeploymentPostprocessing = 0;
		};
		C26DDF5C1D93499300429DE4 /* Resources */ = {
			isa = PBXResourcesBuildPhase;
			buildActionMask = 2147483647;
			files = (
			);
			runOnlyForDeploymentPostprocessing = 0;
		};
/* End PBXResourcesBuildPhase section */

/* Begin PBXSourcesBuildPhase section */
		C26DDF3B1D93499300429DE4 /* Sources */ = {
			isa = PBXSourcesBuildPhase;
			buildActionMask = 2147483647;
			files = (
				C26DDFA21D938ADC00429DE4 /* CreateNewActivityVC.swift in Sources */,
				C26DDFA01D938A8500429DE4 /* MyFeedVC.swift in Sources */,
				C23BBF331DA6AE7800202169 /* LoginVC.swift in Sources */,
				C26DDF921D9359A600429DE4 /* HomeVCTableViewCell.swift in Sources */,
				C26DDF941D935A4A00429DE4 /* FeedVC.swift in Sources */,
				C26DDF981D935CC000429DE4 /* FeedObject.swift in Sources */,
				C23BBF351DA6B21100202169 /* SignupVC.swift in Sources */,
				C21C9DCB1D9F0C0500CBD7EF /* CreateProjectVC.swift in Sources */,
				C26DDF961D935B8500429DE4 /* AddActivityVC.swift in Sources */,
				C26DDF9E1D935F4400429DE4 /* FeedVCTableViewCell.swift in Sources */,
				C26DDF431D93499300429DE4 /* AppDelegate.swift in Sources */,
				C26DDF901D93595A00429DE4 /* HomeViewController.swift in Sources */,
				C26DDF9A1D935D1600429DE4 /* ProjectObject.swift in Sources */,
				C21C9DC91D9F093600CBD7EF /* ProjectsListVC.swift in Sources */,
				C26DDFA41D9394BD00429DE4 /* MyFeedCell.swift in Sources */,
			);
			runOnlyForDeploymentPostprocessing = 0;
		};
		C26DDF4F1D93499300429DE4 /* Sources */ = {
			isa = PBXSourcesBuildPhase;
			buildActionMask = 2147483647;
			files = (
				C26DDF581D93499300429DE4 /* ProjectTests.swift in Sources */,
			);
			runOnlyForDeploymentPostprocessing = 0;
		};
		C26DDF5A1D93499300429DE4 /* Sources */ = {
			isa = PBXSourcesBuildPhase;
			buildActionMask = 2147483647;
			files = (
				C26DDF631D93499300429DE4 /* ProjectUITests.swift in Sources */,
			);
			runOnlyForDeploymentPostprocessing = 0;
		};
/* End PBXSourcesBuildPhase section */

/* Begin PBXTargetDependency section */
		C26DDF551D93499300429DE4 /* PBXTargetDependency */ = {
			isa = PBXTargetDependency;
			target = C26DDF3E1D93499300429DE4 /* Project */;
			targetProxy = C26DDF541D93499300429DE4 /* PBXContainerItemProxy */;
		};
		C26DDF601D93499300429DE4 /* PBXTargetDependency */ = {
			isa = PBXTargetDependency;
			target = C26DDF3E1D93499300429DE4 /* Project */;
			targetProxy = C26DDF5F1D93499300429DE4 /* PBXContainerItemProxy */;
		};
/* End PBXTargetDependency section */

/* Begin PBXVariantGroup section */
		C26DDF461D93499300429DE4 /* Main.storyboard */ = {
			isa = PBXVariantGroup;
			children = (
				C26DDF471D93499300429DE4 /* Base */,
			);
			name = Main.storyboard;
			sourceTree = "<group>";
		};
		C26DDF4B1D93499300429DE4 /* LaunchScreen.storyboard */ = {
			isa = PBXVariantGroup;
			children = (
				C26DDF4C1D93499300429DE4 /* Base */,
			);
			name = LaunchScreen.storyboard;
			sourceTree = "<group>";
		};
/* End PBXVariantGroup section */

/* Begin XCBuildConfiguration section */
		C26DDF651D93499300429DE4 /* Debug */ = {
			isa = XCBuildConfiguration;
			buildSettings = {
				ALWAYS_SEARCH_USER_PATHS = NO;
				CLANG_ANALYZER_NONNULL = YES;
				CLANG_CXX_LANGUAGE_STANDARD = "gnu++0x";
				CLANG_CXX_LIBRARY = "libc++";
				CLANG_ENABLE_MODULES = YES;
				CLANG_ENABLE_OBJC_ARC = YES;
				CLANG_WARN_BOOL_CONVERSION = YES;
				CLANG_WARN_CONSTANT_CONVERSION = YES;
				CLANG_WARN_DIRECT_OBJC_ISA_USAGE = YES_ERROR;
				CLANG_WARN_DOCUMENTATION_COMMENTS = YES;
				CLANG_WARN_EMPTY_BODY = YES;
				CLANG_WARN_ENUM_CONVERSION = YES;
				CLANG_WARN_INFINITE_RECURSION = YES;
				CLANG_WARN_INT_CONVERSION = YES;
				CLANG_WARN_OBJC_ROOT_CLASS = YES_ERROR;
				CLANG_WARN_SUSPICIOUS_MOVES = YES;
				CLANG_WARN_UNREACHABLE_CODE = YES;
				CLANG_WARN__DUPLICATE_METHOD_MATCH = YES;
				"CODE_SIGN_IDENTITY[sdk=iphoneos*]" = "iPhone Developer";
				COPY_PHASE_STRIP = NO;
				DEBUG_INFORMATION_FORMAT = dwarf;
				ENABLE_STRICT_OBJC_MSGSEND = YES;
				ENABLE_TESTABILITY = YES;
				GCC_C_LANGUAGE_STANDARD = gnu99;
				GCC_DYNAMIC_NO_PIC = NO;
				GCC_NO_COMMON_BLOCKS = YES;
				GCC_OPTIMIZATION_LEVEL = 0;
				GCC_PREPROCESSOR_DEFINITIONS = (
					"DEBUG=1",
					"$(inherited)",
				);
				GCC_WARN_64_TO_32_BIT_CONVERSION = YES;
				GCC_WARN_ABOUT_RETURN_TYPE = YES_ERROR;
				GCC_WARN_UNDECLARED_SELECTOR = YES;
				GCC_WARN_UNINITIALIZED_AUTOS = YES_AGGRESSIVE;
				GCC_WARN_UNUSED_FUNCTION = YES;
				GCC_WARN_UNUSED_VARIABLE = YES;
				IPHONEOS_DEPLOYMENT_TARGET = 10.0;
				MTL_ENABLE_DEBUG_INFO = YES;
				ONLY_ACTIVE_ARCH = YES;
				SDKROOT = iphoneos;
				SWIFT_ACTIVE_COMPILATION_CONDITIONS = DEBUG;
				SWIFT_OPTIMIZATION_LEVEL = "-Onone";
			};
			name = Debug;
		};
		C26DDF661D93499300429DE4 /* Release */ = {
			isa = XCBuildConfiguration;
			buildSettings = {
				ALWAYS_SEARCH_USER_PATHS = NO;
				CLANG_ANALYZER_NONNULL = YES;
				CLANG_CXX_LANGUAGE_STANDARD = "gnu++0x";
				CLANG_CXX_LIBRARY = "libc++";
				CLANG_ENABLE_MODULES = YES;
				CLANG_ENABLE_OBJC_ARC = YES;
				CLANG_WARN_BOOL_CONVERSION = YES;
				CLANG_WARN_CONSTANT_CONVERSION = YES;
				CLANG_WARN_DIRECT_OBJC_ISA_USAGE = YES_ERROR;
				CLANG_WARN_DOCUMENTATION_COMMENTS = YES;
				CLANG_WARN_EMPTY_BODY = YES;
				CLANG_WARN_ENUM_CONVERSION = YES;
				CLANG_WARN_INFINITE_RECURSION = YES;
				CLANG_WARN_INT_CONVERSION = YES;
				CLANG_WARN_OBJC_ROOT_CLASS = YES_ERROR;
				CLANG_WARN_SUSPICIOUS_MOVES = YES;
				CLANG_WARN_UNREACHABLE_CODE = YES;
				CLANG_WARN__DUPLICATE_METHOD_MATCH = YES;
				"CODE_SIGN_IDENTITY[sdk=iphoneos*]" = "iPhone Developer";
				COPY_PHASE_STRIP = NO;
				DEBUG_INFORMATION_FORMAT = "dwarf-with-dsym";
				ENABLE_NS_ASSERTIONS = NO;
				ENABLE_STRICT_OBJC_MSGSEND = YES;
				GCC_C_LANGUAGE_STANDARD = gnu99;
				GCC_NO_COMMON_BLOCKS = YES;
				GCC_WARN_64_TO_32_BIT_CONVERSION = YES;
				GCC_WARN_ABOUT_RETURN_TYPE = YES_ERROR;
				GCC_WARN_UNDECLARED_SELECTOR = YES;
				GCC_WARN_UNINITIALIZED_AUTOS = YES_AGGRESSIVE;
				GCC_WARN_UNUSED_FUNCTION = YES;
				GCC_WARN_UNUSED_VARIABLE = YES;
				IPHONEOS_DEPLOYMENT_TARGET = 10.0;
				MTL_ENABLE_DEBUG_INFO = NO;
				SDKROOT = iphoneos;
				SWIFT_OPTIMIZATION_LEVEL = "-Owholemodule";
				VALIDATE_PRODUCT = YES;
			};
			name = Release;
		};
		C26DDF681D93499300429DE4 /* Debug */ = {
			isa = XCBuildConfiguration;
			buildSettings = {
				ASSETCATALOG_COMPILER_APPICON_NAME = AppIcon;
				DEVELOPMENT_TEAM = 24FC2K35CZ;
				FRAMEWORK_SEARCH_PATHS = (
					"$(inherited)",
					"$(PROJECT_DIR)/Project",
				);
				INFOPLIST_FILE = Project/Info.plist;
				LD_RUNPATH_SEARCH_PATHS = "$(inherited) @executable_path/Frameworks";
				PRODUCT_BUNDLE_IDENTIFIER = "Vidyadhar-Thatte.Project";
				PRODUCT_NAME = "$(TARGET_NAME)";
				SWIFT_VERSION = 3.0;
			};
			name = Debug;
		};
		C26DDF691D93499300429DE4 /* Release */ = {
			isa = XCBuildConfiguration;
			buildSettings = {
				ASSETCATALOG_COMPILER_APPICON_NAME = AppIcon;
				DEVELOPMENT_TEAM = 24FC2K35CZ;
				FRAMEWORK_SEARCH_PATHS = (
					"$(inherited)",
					"$(PROJECT_DIR)/Project",
				);
				INFOPLIST_FILE = Project/Info.plist;
				LD_RUNPATH_SEARCH_PATHS = "$(inherited) @executable_path/Frameworks";
				PRODUCT_BUNDLE_IDENTIFIER = "Vidyadhar-Thatte.Project";
				PRODUCT_NAME = "$(TARGET_NAME)";
				SWIFT_VERSION = 3.0;
			};
			name = Release;
		};
		C26DDF6B1D93499300429DE4 /* Debug */ = {
			isa = XCBuildConfiguration;
			buildSettings = {
				ALWAYS_EMBED_SWIFT_STANDARD_LIBRARIES = YES;
				BUNDLE_LOADER = "$(TEST_HOST)";
				INFOPLIST_FILE = ProjectTests/Info.plist;
				LD_RUNPATH_SEARCH_PATHS = "$(inherited) @executable_path/Frameworks @loader_path/Frameworks";
				PRODUCT_BUNDLE_IDENTIFIER = "Vidyadhar-Thatte.ProjectTests";
				PRODUCT_NAME = "$(TARGET_NAME)";
				SWIFT_VERSION = 3.0;
				TEST_HOST = "$(BUILT_PRODUCTS_DIR)/Project.app/Project";
			};
			name = Debug;
		};
		C26DDF6C1D93499300429DE4 /* Release */ = {
			isa = XCBuildConfiguration;
			buildSettings = {
				ALWAYS_EMBED_SWIFT_STANDARD_LIBRARIES = YES;
				BUNDLE_LOADER = "$(TEST_HOST)";
				INFOPLIST_FILE = ProjectTests/Info.plist;
				LD_RUNPATH_SEARCH_PATHS = "$(inherited) @executable_path/Frameworks @loader_path/Frameworks";
				PRODUCT_BUNDLE_IDENTIFIER = "Vidyadhar-Thatte.ProjectTests";
				PRODUCT_NAME = "$(TARGET_NAME)";
				SWIFT_VERSION = 3.0;
				TEST_HOST = "$(BUILT_PRODUCTS_DIR)/Project.app/Project";
			};
			name = Release;
		};
		C26DDF6E1D93499300429DE4 /* Debug */ = {
			isa = XCBuildConfiguration;
			buildSettings = {
				ALWAYS_EMBED_SWIFT_STANDARD_LIBRARIES = YES;
				INFOPLIST_FILE = ProjectUITests/Info.plist;
				LD_RUNPATH_SEARCH_PATHS = "$(inherited) @executable_path/Frameworks @loader_path/Frameworks";
				PRODUCT_BUNDLE_IDENTIFIER = "Vidyadhar-Thatte.ProjectUITests";
				PRODUCT_NAME = "$(TARGET_NAME)";
				SWIFT_VERSION = 3.0;
				TEST_TARGET_NAME = Project;
			};
			name = Debug;
		};
		C26DDF6F1D93499300429DE4 /* Release */ = {
			isa = XCBuildConfiguration;
			buildSettings = {
				ALWAYS_EMBED_SWIFT_STANDARD_LIBRARIES = YES;
				INFOPLIST_FILE = ProjectUITests/Info.plist;
				LD_RUNPATH_SEARCH_PATHS = "$(inherited) @executable_path/Frameworks @loader_path/Frameworks";
				PRODUCT_BUNDLE_IDENTIFIER = "Vidyadhar-Thatte.ProjectUITests";
				PRODUCT_NAME = "$(TARGET_NAME)";
				SWIFT_VERSION = 3.0;
				TEST_TARGET_NAME = Project;
			};
			name = Release;
		};
/* End XCBuildConfiguration section */

/* Begin XCConfigurationList section */
		C26DDF3A1D93499300429DE4 /* Build configuration list for PBXProject "Project" */ = {
			isa = XCConfigurationList;
			buildConfigurations = (
				C26DDF651D93499300429DE4 /* Debug */,
				C26DDF661D93499300429DE4 /* Release */,
			);
			defaultConfigurationIsVisible = 0;
			defaultConfigurationName = Release;
		};
		C26DDF671D93499300429DE4 /* Build configuration list for PBXNativeTarget "Project" */ = {
			isa = XCConfigurationList;
			buildConfigurations = (
				C26DDF681D93499300429DE4 /* Debug */,
				C26DDF691D93499300429DE4 /* Release */,
			);
			defaultConfigurationIsVisible = 0;
			defaultConfigurationName = Release;
		};
		C26DDF6A1D93499300429DE4 /* Build configuration list for PBXNativeTarget "ProjectTests" */ = {
			isa = XCConfigurationList;
			buildConfigurations = (
				C26DDF6B1D93499300429DE4 /* Debug */,
				C26DDF6C1D93499300429DE4 /* Release */,
			);
			defaultConfigurationIsVisible = 0;
			defaultConfigurationName = Release;
		};
		C26DDF6D1D93499300429DE4 /* Build configuration list for PBXNativeTarget "ProjectUITests" */ = {
			isa = XCConfigurationList;
			buildConfigurations = (
				C26DDF6E1D93499300429DE4 /* Debug */,
				C26DDF6F1D93499300429DE4 /* Release */,
			);
			defaultConfigurationIsVisible = 0;
			defaultConfigurationName = Release;
		};
/* End XCConfigurationList section */
	};
	rootObject = C26DDF371D93499300429DE4 /* Project object */;
}
