PODS:
  - AWSCore (2.4.7)
  - AWSDynamoDB (2.4.7):
    - AWSCore (= 2.4.7)
  - BTNavigationDropdownMenu (0.4.1)

DEPENDENCIES:
  - AWSDynamoDB (~> 2.4.1)
  - BTNavigationDropdownMenu

SPEC CHECKSUMS:
  AWSCore: 9a729a3c0050a51ece3547d546c327acdac7838a
  AWSDynamoDB: 95c8d325fad2bea4d4ca70576876d9893d9dedd3
  BTNavigationDropdownMenu: 093f3cbfad1572f2c222bdf8d17584d1e13380d4

COCOAPODS: 0.38.2
